# @generated by Move, please check-in and do not edit manually.

[move]
version = 3
manifest_digest = "F678B9620293CD6699C540CFB9104ABBE78F4124D5562C8EFA4673F7FC47B21D"
deps_digest = "F8BBB0CCB2491CA29A3DF03D6F92277A4F3574266507ACD77214D37ECA3F3082"
dependencies = [
  { id = "Iota", name = "Iota" },
]

[[move.package]]
id = "Iota"
source = { git = "https://github.com/iotaledger/iota.git", rev = "testnet", subdir = "crates/iota-framework/packages/iota-framework" }

dependencies = [
  { id = "MoveStdlib", name = "MoveStdlib" },
]

[[move.package]]
id = "MoveStdlib"
source = { git = "https://github.com/iotaledger/iota.git", rev = "testnet", subdir = "crates/iota-framework/packages/move-stdlib" }

[move.toolchain-version]
compiler-version = "0.12.0-rc"
edition = "2024.beta"
flavor = "iota"

[env]

[env.devnet]
chain-id = "e678123a"
original-published-id = "0x059feebf7bbde97146ab5b2eca6c16602674e23593cfc0732c5350cfd0b68de2"
latest-published-id = "0x059feebf7bbde97146ab5b2eca6c16602674e23593cfc0732c5350cfd0b68de2"
published-version = "1"
